// !$*UTF8*$!
{
	archiveVersion = 1;
	classes = {
	};
	objectVersion = 50;
	objects = {

/* Begin PBXBuildFile section */
		0C47C2A4236B9260006CC282 /* Utilities.swift in Sources */ = {isa = PBXBuildFile; fileRef = 0C47C2A3236B9260006CC282 /* Utilities.swift */; };
		5114BAA62CAA61860003F751 /* audio.mp3 in Resources */ = {isa = PBXBuildFile; fileRef = 5114BAA52CAA61860003F751 /* audio.mp3 */; };
		5114BAA82CAA61910003F751 /* WesternAudio.mp3 in Resources */ = {isa = PBXBuildFile; fileRef = 5114BAA72CAA61910003F751 /* WesternAudio.mp3 */; };
		5114BAAA2CAB1CBC0003F751 /* MessageLabel.swift in Sources */ = {isa = PBXBuildFile; fileRef = 5114BAA92CAB1CBC0003F751 /* MessageLabel.swift */; };
		5114BAAC2CAB1D320003F751 /* LoadingViewController.swift in Sources */ = {isa = PBXBuildFile; fileRef = 5114BAAB2CAB1D2C0003F751 /* LoadingViewController.swift */; };
		51D01F382CB18E560082B4EF /* Assets.xcassets in Resources */ = {isa = PBXBuildFile; fileRef = 51D01F372CB18E560082B4EF /* Assets.xcassets */; };
		51E3C0A12CBA0E65000CFCA4 /* splat.mp3 in Resources */ = {isa = PBXBuildFile; fileRef = 51E3C0A02CBA0E65000CFCA4 /* splat.mp3 */; };
		E1577B0223326D3D00325CE8 /* ViewController+CoachingOverlay.swift in Sources */ = {isa = PBXBuildFile; fileRef = E1577B0123326D3D00325CE8 /* ViewController+CoachingOverlay.swift */; };
		E1B25A772330E874008ACE23 /* AppDelegate.swift in Sources */ = {isa = PBXBuildFile; fileRef = E1B25A762330E874008ACE23 /* AppDelegate.swift */; };
		E1B25A792330E874008ACE23 /* ViewController.swift in Sources */ = {isa = PBXBuildFile; fileRef = E1B25A782330E874008ACE23 /* ViewController.swift */; };
		E1B25A7C2330E874008ACE23 /* Main.storyboard in Resources */ = {isa = PBXBuildFile; fileRef = E1B25A7A2330E874008ACE23 /* Main.storyboard */; };
		E1B25A832330E875008ACE23 /* LaunchScreen.storyboard in Resources */ = {isa = PBXBuildFile; fileRef = E1B25A812330E875008ACE23 /* LaunchScreen.storyboard */; };
/* End PBXBuildFile section */

/* Begin PBXFileReference section */
		0C47C2A3236B9260006CC282 /* Utilities.swift */ = {isa = PBXFileReference; lastKnownFileType = sourcecode.swift; path = Utilities.swift; sourceTree = "<group>"; };
		5114BAA52CAA61860003F751 /* audio.mp3 */ = {isa = PBXFileReference; lastKnownFileType = audio.mp3; path = audio.mp3; sourceTree = "<group>"; };
		5114BAA72CAA61910003F751 /* WesternAudio.mp3 */ = {isa = PBXFileReference; lastKnownFileType = audio.mp3; path = WesternAudio.mp3; sourceTree = "<group>"; };
		5114BAA92CAB1CBC0003F751 /* MessageLabel.swift */ = {isa = PBXFileReference; lastKnownFileType = sourcecode.swift; path = MessageLabel.swift; sourceTree = "<group>"; };
		5114BAAB2CAB1D2C0003F751 /* LoadingViewController.swift */ = {isa = PBXFileReference; lastKnownFileType = sourcecode.swift; path = LoadingViewController.swift; sourceTree = "<group>"; };
		51D01F372CB18E560082B4EF /* Assets.xcassets */ = {isa = PBXFileReference; lastKnownFileType = folder.assetcatalog; path = Assets.xcassets; sourceTree = "<group>"; };
		51E3C0A02CBA0E65000CFCA4 /* splat.mp3 */ = {isa = PBXFileReference; lastKnownFileType = audio.mp3; path = splat.mp3; sourceTree = "<group>"; };
		BD94D7AACCA7CB4129F44594 /* SampleCode.xcconfig */ = {isa = PBXFileReference; lastKnownFileType = text.xcconfig; name = SampleCode.xcconfig; path = Configuration/SampleCode.xcconfig; sourceTree = "<group>"; };
		E1577B0123326D3D00325CE8 /* ViewController+CoachingOverlay.swift */ = {isa = PBXFileReference; fileEncoding = 4; lastKnownFileType = sourcecode.swift; path = "ViewController+CoachingOverlay.swift"; sourceTree = "<group>"; };
		E1B25A732330E874008ACE23 /* FaceTriggAR.app */ = {isa = PBXFileReference; explicitFileType = wrapper.application; includeInIndex = 0; path = FaceTriggAR.app; sourceTree = BUILT_PRODUCTS_DIR; };
		E1B25A762330E874008ACE23 /* AppDelegate.swift */ = {isa = PBXFileReference; lastKnownFileType = sourcecode.swift; path = AppDelegate.swift; sourceTree = "<group>"; };
		E1B25A782330E874008ACE23 /* ViewController.swift */ = {isa = PBXFileReference; lastKnownFileType = sourcecode.swift; path = ViewController.swift; sourceTree = "<group>"; };
		E1B25A7B2330E874008ACE23 /* Base */ = {isa = PBXFileReference; lastKnownFileType = file.storyboard; name = Base; path = Base.lproj/Main.storyboard; sourceTree = "<group>"; };
		E1B25A822330E875008ACE23 /* Base */ = {isa = PBXFileReference; lastKnownFileType = file.storyboard; name = Base; path = Base.lproj/LaunchScreen.storyboard; sourceTree = "<group>"; };
		E1B25A842330E875008ACE23 /* Info.plist */ = {isa = PBXFileReference; lastKnownFileType = text.plist.xml; path = Info.plist; sourceTree = "<group>"; };
		ECB3D40A3D86217C23D85F8D /* README.md */ = {isa = PBXFileReference; lastKnownFileType = net.daringfireball.markdown; path = README.md; sourceTree = "<group>"; };
/* End PBXFileReference section */

/* Begin PBXFrameworksBuildPhase section */
		E1B25A702330E874008ACE23 /* Frameworks */ = {
			isa = PBXFrameworksBuildPhase;
			buildActionMask = 2147483647;
			files = (
			);
			runOnlyForDeploymentPostprocessing = 0;
		};
/* End PBXFrameworksBuildPhase section */

/* Begin PBXGroup section */
		0136A64F130B722B40374968 /* Configuration */ = {
			isa = PBXGroup;
			children = (
				BD94D7AACCA7CB4129F44594 /* SampleCode.xcconfig */,
			);
			name = Configuration;
			sourceTree = "<group>";
		};
		E1B25A6A2330E874008ACE23 = {
			isa = PBXGroup;
			children = (
				ECB3D40A3D86217C23D85F8D /* README.md */,
				E1B25A752330E874008ACE23 /* FaceTriggAR */,
				E1B25A742330E874008ACE23 /* Products */,
				0136A64F130B722B40374968 /* Configuration */,
			);
			sourceTree = "<group>";
		};
		E1B25A742330E874008ACE23 /* Products */ = {
			isa = PBXGroup;
			children = (
				E1B25A732330E874008ACE23 /* FaceTriggAR.app */,
			);
			name = Products;
			sourceTree = "<group>";
		};
		E1B25A752330E874008ACE23 /* FaceTriggAR */ = {
			isa = PBXGroup;
			children = (
				5114BAA52CAA61860003F751 /* audio.mp3 */,
				5114BAA72CAA61910003F751 /* WesternAudio.mp3 */,
				51E3C0A02CBA0E65000CFCA4 /* splat.mp3 */,
				E1B25A762330E874008ACE23 /* AppDelegate.swift */,
				5114BAA92CAB1CBC0003F751 /* MessageLabel.swift */,
				E1B25A782330E874008ACE23 /* ViewController.swift */,
				E1577B0123326D3D00325CE8 /* ViewController+CoachingOverlay.swift */,
				5114BAAB2CAB1D2C0003F751 /* LoadingViewController.swift */,
				0C47C2A3236B9260006CC282 /* Utilities.swift */,
				E1B25A7A2330E874008ACE23 /* Main.storyboard */,
				E1B25A812330E875008ACE23 /* LaunchScreen.storyboard */,
				51D01F372CB18E560082B4EF /* Assets.xcassets */,
				E1B25A842330E875008ACE23 /* Info.plist */,
			);
			path = FaceTriggAR;
			sourceTree = "<group>";
		};
/* End PBXGroup section */

/* Begin PBXNativeTarget section */
		E1B25A722330E874008ACE23 /* FaceTriggAR */ = {
			isa = PBXNativeTarget;
			buildConfigurationList = E1B25A872330E875008ACE23 /* Build configuration list for PBXNativeTarget "FaceTriggAR" */;
			buildPhases = (
				E1B25A6F2330E874008ACE23 /* Sources */,
				E1B25A702330E874008ACE23 /* Frameworks */,
				E1B25A712330E874008ACE23 /* Resources */,
			);
			buildRules = (
			);
			dependencies = (
			);
			name = FaceTriggAR;
			productName = FaceAndWorldTrackingExample;
			productReference = E1B25A732330E874008ACE23 /* FaceTriggAR.app */;
			productType = "com.apple.product-type.application";
		};
/* End PBXNativeTarget section */

/* Begin PBXProject section */
		E1B25A6B2330E874008ACE23 /* Project object */ = {
			isa = PBXProject;
			attributes = {
				LastSwiftUpdateCheck = 1100;
				LastUpgradeCheck = 1100;
				ORGANIZATIONNAME = Apple;
				TargetAttributes = {
					E1B25A722330E874008ACE23 = {
						CreatedOnToolsVersion = 11.0;
					};
				};
			};
			buildConfigurationList = E1B25A6E2330E874008ACE23 /* Build configuration list for PBXProject "FaceTriggAR" */;
			compatibilityVersion = "Xcode 9.3";
			developmentRegion = en;
			hasScannedForEncodings = 0;
			knownRegions = (
				en,
				Base,
			);
			mainGroup = E1B25A6A2330E874008ACE23;
			productRefGroup = E1B25A742330E874008ACE23 /* Products */;
			projectDirPath = "";
			projectRoot = "";
			targets = (
				E1B25A722330E874008ACE23 /* FaceTriggAR */,
			);
		};
/* End PBXProject section */

/* Begin PBXResourcesBuildPhase section */
		E1B25A712330E874008ACE23 /* Resources */ = {
			isa = PBXResourcesBuildPhase;
			buildActionMask = 2147483647;
			files = (
				E1B25A832330E875008ACE23 /* LaunchScreen.storyboard in Resources */,
				51E3C0A12CBA0E65000CFCA4 /* splat.mp3 in Resources */,
				E1B25A7C2330E874008ACE23 /* Main.storyboard in Resources */,
				5114BAA82CAA61910003F751 /* WesternAudio.mp3 in Resources */,
				51D01F382CB18E560082B4EF /* Assets.xcassets in Resources */,
				5114BAA62CAA61860003F751 /* audio.mp3 in Resources */,
			);
			runOnlyForDeploymentPostprocessing = 0;
		};
/* End PBXResourcesBuildPhase section */

/* Begin PBXSourcesBuildPhase section */
		E1B25A6F2330E874008ACE23 /* Sources */ = {
			isa = PBXSourcesBuildPhase;
			buildActionMask = 2147483647;
			files = (
				0C47C2A4236B9260006CC282 /* Utilities.swift in Sources */,
				E1B25A792330E874008ACE23 /* ViewController.swift in Sources */,
				5114BAAA2CAB1CBC0003F751 /* MessageLabel.swift in Sources */,
				E1577B0223326D3D00325CE8 /* ViewController+CoachingOverlay.swift in Sources */,
				E1B25A772330E874008ACE23 /* AppDelegate.swift in Sources */,
				5114BAAC2CAB1D320003F751 /* LoadingViewController.swift in Sources */,
			);
			runOnlyForDeploymentPostprocessing = 0;
		};
/* End PBXSourcesBuildPhase section */

/* Begin PBXVariantGroup section */
		E1B25A7A2330E874008ACE23 /* Main.storyboard */ = {
			isa = PBXVariantGroup;
			children = (
				E1B25A7B2330E874008ACE23 /* Base */,
			);
			name = Main.storyboard;
			sourceTree = "<group>";
		};
		E1B25A812330E875008ACE23 /* LaunchScreen.storyboard */ = {
			isa = PBXVariantGroup;
			children = (
				E1B25A822330E875008ACE23 /* Base */,
			);
			name = LaunchScreen.storyboard;
			sourceTree = "<group>";
		};
/* End PBXVariantGroup section */

/* Begin XCBuildConfiguration section */
		E1B25A852330E875008ACE23 /* Debug */ = {
			isa = XCBuildConfiguration;
			baseConfigurationReference = BD94D7AACCA7CB4129F44594 /* SampleCode.xcconfig */;
			buildSettings = {
				ALWAYS_SEARCH_USER_PATHS = NO;
				CLANG_ANALYZER_NONNULL = YES;
				CLANG_ANALYZER_NUMBER_OBJECT_CONVERSION = YES_AGGRESSIVE;
				CLANG_CXX_LANGUAGE_STANDARD = "gnu++14";
				CLANG_CXX_LIBRARY = "libc++";
				CLANG_ENABLE_MODULES = YES;
				CLANG_ENABLE_OBJC_ARC = YES;
				CLANG_ENABLE_OBJC_WEAK = YES;
				CLANG_WARN_BLOCK_CAPTURE_AUTORELEASING = YES;
				CLANG_WARN_BOOL_CONVERSION = YES;
				CLANG_WARN_COMMA = YES;
				CLANG_WARN_CONSTANT_CONVERSION = YES;
				CLANG_WARN_DEPRECATED_OBJC_IMPLEMENTATIONS = YES;
				CLANG_WARN_DIRECT_OBJC_ISA_USAGE = YES_ERROR;
				CLANG_WARN_DOCUMENTATION_COMMENTS = YES;
				CLANG_WARN_EMPTY_BODY = YES;
				CLANG_WARN_ENUM_CONVERSION = YES;
				CLANG_WARN_INFINITE_RECURSION = YES;
				CLANG_WARN_INT_CONVERSION = YES;
				CLANG_WARN_NON_LITERAL_NULL_CONVERSION = YES;
				CLANG_WARN_OBJC_IMPLICIT_RETAIN_SELF = YES;
				CLANG_WARN_OBJC_LITERAL_CONVERSION = YES;
				CLANG_WARN_OBJC_ROOT_CLASS = YES_ERROR;
				CLANG_WARN_RANGE_LOOP_ANALYSIS = YES;
				CLANG_WARN_STRICT_PROTOTYPES = YES;
				CLANG_WARN_SUSPICIOUS_MOVE = YES;
				CLANG_WARN_UNGUARDED_AVAILABILITY = YES_AGGRESSIVE;
				CLANG_WARN_UNREACHABLE_CODE = YES;
				CLANG_WARN__DUPLICATE_METHOD_MATCH = YES;
				COPY_PHASE_STRIP = NO;
				DEBUG_INFORMATION_FORMAT = dwarf;
				ENABLE_STRICT_OBJC_MSGSEND = YES;
				ENABLE_TESTABILITY = YES;
				GCC_C_LANGUAGE_STANDARD = gnu11;
				GCC_DYNAMIC_NO_PIC = NO;
				GCC_NO_COMMON_BLOCKS = YES;
				GCC_OPTIMIZATION_LEVEL = 0;
				GCC_PREPROCESSOR_DEFINITIONS = (
					"DEBUG=1",
					"$(inherited)",
				);
				GCC_WARN_64_TO_32_BIT_CONVERSION = YES;
				GCC_WARN_ABOUT_RETURN_TYPE = YES_ERROR;
				GCC_WARN_UNDECLARED_SELECTOR = YES;
				GCC_WARN_UNINITIALIZED_AUTOS = YES_AGGRESSIVE;
				GCC_WARN_UNUSED_FUNCTION = YES;
				GCC_WARN_UNUSED_VARIABLE = YES;
				IPHONEOS_DEPLOYMENT_TARGET = 13.0;
				MTL_ENABLE_DEBUG_INFO = INCLUDE_SOURCE;
				MTL_FAST_MATH = YES;
				ONLY_ACTIVE_ARCH = YES;
				SDKROOT = iphoneos;
				SWIFT_ACTIVE_COMPILATION_CONDITIONS = DEBUG;
				SWIFT_OPTIMIZATION_LEVEL = "-Onone";
			};
			name = Debug;
		};
		E1B25A862330E875008ACE23 /* Release */ = {
			isa = XCBuildConfiguration;
			baseConfigurationReference = BD94D7AACCA7CB4129F44594 /* SampleCode.xcconfig */;
			buildSettings = {
				ALWAYS_SEARCH_USER_PATHS = NO;
				CLANG_ANALYZER_NONNULL = YES;
				CLANG_ANALYZER_NUMBER_OBJECT_CONVERSION = YES_AGGRESSIVE;
				CLANG_CXX_LANGUAGE_STANDARD = "gnu++14";
				CLANG_CXX_LIBRARY = "libc++";
				CLANG_ENABLE_MODULES = YES;
				CLANG_ENABLE_OBJC_ARC = YES;
				CLANG_ENABLE_OBJC_WEAK = YES;
				CLANG_WARN_BLOCK_CAPTURE_AUTORELEASING = YES;
				CLANG_WARN_BOOL_CONVERSION = YES;
				CLANG_WARN_COMMA = YES;
				CLANG_WARN_CONSTANT_CONVERSION = YES;
				CLANG_WARN_DEPRECATED_OBJC_IMPLEMENTATIONS = YES;
				CLANG_WARN_DIRECT_OBJC_ISA_USAGE = YES_ERROR;
				CLANG_WARN_DOCUMENTATION_COMMENTS = YES;
				CLANG_WARN_EMPTY_BODY = YES;
				CLANG_WARN_ENUM_CONVERSION = YES;
				CLANG_WARN_INFINITE_RECURSION = YES;
				CLANG_WARN_INT_CONVERSION = YES;
				CLANG_WARN_NON_LITERAL_NULL_CONVERSION = YES;
				CLANG_WARN_OBJC_IMPLICIT_RETAIN_SELF = YES;
				CLANG_WARN_OBJC_LITERAL_CONVERSION = YES;
				CLANG_WARN_OBJC_ROOT_CLASS = YES_ERROR;
				CLANG_WARN_RANGE_LOOP_ANALYSIS = YES;
				CLANG_WARN_STRICT_PROTOTYPES = YES;
				CLANG_WARN_SUSPICIOUS_MOVE = YES;
				CLANG_WARN_UNGUARDED_AVAILABILITY = YES_AGGRESSIVE;
				CLANG_WARN_UNREACHABLE_CODE = YES;
				CLANG_WARN__DUPLICATE_METHOD_MATCH = YES;
				COPY_PHASE_STRIP = NO;
				DEBUG_INFORMATION_FORMAT = "dwarf-with-dsym";
				ENABLE_NS_ASSERTIONS = NO;
				ENABLE_STRICT_OBJC_MSGSEND = YES;
				GCC_C_LANGUAGE_STANDARD = gnu11;
				GCC_NO_COMMON_BLOCKS = YES;
				GCC_WARN_64_TO_32_BIT_CONVERSION = YES;
				GCC_WARN_ABOUT_RETURN_TYPE = YES_ERROR;
				GCC_WARN_UNDECLARED_SELECTOR = YES;
				GCC_WARN_UNINITIALIZED_AUTOS = YES_AGGRESSIVE;
				GCC_WARN_UNUSED_FUNCTION = YES;
				GCC_WARN_UNUSED_VARIABLE = YES;
				IPHONEOS_DEPLOYMENT_TARGET = 13.0;
				MTL_ENABLE_DEBUG_INFO = NO;
				MTL_FAST_MATH = YES;
				SDKROOT = iphoneos;
				SWIFT_COMPILATION_MODE = wholemodule;
				SWIFT_OPTIMIZATION_LEVEL = "-O";
				VALIDATE_PRODUCT = YES;
			};
			name = Release;
		};
		E1B25A882330E875008ACE23 /* Debug */ = {
			isa = XCBuildConfiguration;
			baseConfigurationReference = BD94D7AACCA7CB4129F44594 /* SampleCode.xcconfig */;
			buildSettings = {
				ASSETCATALOG_COMPILER_APPICON_NAME = AppIcon;
				CODE_SIGN_IDENTITY = "iPhone Developer";
				CODE_SIGN_STYLE = Automatic;
				DEVELOPMENT_TEAM = KEMD4EB9S5;
				INFOPLIST_FILE = FaceTriggAR/Info.plist;
				LD_RUNPATH_SEARCH_PATHS = (
					"$(inherited)",
					"@executable_path/Frameworks",
				);
				PRODUCT_BUNDLE_IDENTIFIER = pilot2.face.triggAR;
				PRODUCT_NAME = "$(TARGET_NAME)";
				PROVISIONING_PROFILE_SPECIFIER = "";
				SDKROOT = iphoneos;
				SWIFT_VERSION = 5.0;
				TARGETED_DEVICE_FAMILY = "1,2";
			};
			name = Debug;
		};
		E1B25A892330E875008ACE23 /* Release */ = {
			isa = XCBuildConfiguration;
			baseConfigurationReference = BD94D7AACCA7CB4129F44594 /* SampleCode.xcconfig */;
			buildSettings = {
				ASSETCATALOG_COMPILER_APPICON_NAME = AppIcon;
				CODE_SIGN_IDENTITY = "iPhone Developer";
				CODE_SIGN_STYLE = Automatic;
				DEVELOPMENT_TEAM = KEMD4EB9S5;
				INFOPLIST_FILE = FaceTriggAR/Info.plist;
				LD_RUNPATH_SEARCH_PATHS = (
					"$(inherited)",
					"@executable_path/Frameworks",
				);
				PRODUCT_BUNDLE_IDENTIFIER = pilot2.face.triggAR;
				PRODUCT_NAME = "$(TARGET_NAME)";
				PROVISIONING_PROFILE_SPECIFIER = "";
				SDKROOT = iphoneos;
				SWIFT_VERSION = 5.0;
				TARGETED_DEVICE_FAMILY = "1,2";
			};
			name = Release;
		};
/* End XCBuildConfiguration section */

/* Begin XCConfigurationList section */
		E1B25A6E2330E874008ACE23 /* Build configuration list for PBXProject "FaceTriggAR" */ = {
			isa = XCConfigurationList;
			buildConfigurations = (
				E1B25A852330E875008ACE23 /* Debug */,
				E1B25A862330E875008ACE23 /* Release */,
			);
			defaultConfigurationIsVisible = 0;
			defaultConfigurationName = Release;
		};
		E1B25A872330E875008ACE23 /* Build configuration list for PBXNativeTarget "FaceTriggAR" */ = {
			isa = XCConfigurationList;
			buildConfigurations = (
				E1B25A882330E875008ACE23 /* Debug */,
				E1B25A892330E875008ACE23 /* Release */,
			);
			defaultConfigurationIsVisible = 0;
			defaultConfigurationName = Release;
		};
/* End XCConfigurationList section */
	};
	rootObject = E1B25A6B2330E874008ACE23 /* Project object */;
}
